
Microsoft Visual Studio Solution File, Format Version 12.00
# Visual Studio 2013
VisualStudioVersion = 12.0.21005.1
MinimumVisualStudioVersion = 10.0.40219.1
Project("{FAE04EC0-301F-11D3-BF4B-00C04F79EFBC}") = "Dr Sanus Vitae 2", "Dr Sanus Vitae 2\Dr Sanus Vitae 2.csproj", "{78FF5452-7DAA-4B11-9D56-0BC5FA32541F}"
EndProject
Project("{54435603-DBB4-11D2-8724-00A0C9A8B90C}") = "MedInstaller", "MedInstaller\MedInstaller.vdproj", "{0C52973C-699B-443F-8FC9-08785AB75A8C}"
EndProject
Global
	GlobalSection(SolutionConfigurationPlatforms) = preSolution
		Debug|Any CPU = Debug|Any CPU
		Release|Any CPU = Release|Any CPU
	EndGlobalSection
	GlobalSection(ProjectConfigurationPlatforms) = postSolution
		{78FF5452-7DAA-4B11-9D56-0BC5FA32541F}.Debug|Any CPU.ActiveCfg = Debug|Any CPU
		{78FF5452-7DAA-4B11-9D56-0BC5FA32541F}.Debug|Any CPU.Build.0 = Debug|Any CPU
		{78FF5452-7DAA-4B11-9D56-0BC5FA32541F}.Release|Any CPU.ActiveCfg = Release|Any CPU
		{78FF5452-7DAA-4B11-9D56-0BC5FA32541F}.Release|Any CPU.Build.0 = Release|Any CPU
		{78FF5452-7DAA-4B11-9D56-0BC5FA32541F}.Release|Any CPU.Deploy.0 = Release|Any CPU
		{0C52973C-699B-443F-8FC9-08785AB75A8C}.Debug|Any CPU.ActiveCfg = Debug
		{0C52973C-699B-443F-8FC9-08785AB75A8C}.Release|Any CPU.ActiveCfg = Release
	EndGlobalSection
	GlobalSection(SolutionProperties) = preSolution
		HideSolutionNode = FALSE
	EndGlobalSection
EndGlobal
